
Microsoft Visual Studio Solution File, Format Version 12.00
# Visual Studio 15
VisualStudioVersion = 15.0.28010.2041
MinimumVisualStudioVersion = 10.0.40219.1
Project("{FAE04EC0-301F-11D3-BF4B-00C04F79EFBC}") = "VideoRentalWebAPI", "VideoRentalWebAPI\VideoRentalWebAPI.csproj", "{B23E7B7D-33EB-49E8-BE71-A190E138AB14}"
EndProject
Global
	GlobalSection(SolutionConfigurationPlatforms) = preSolution
		Debug|Any CPU = Debug|Any CPU
		Release|Any CPU = Release|Any CPU
	EndGlobalSection
	GlobalSection(ProjectConfigurationPlatforms) = postSolution
		{B23E7B7D-33EB-49E8-BE71-A190E138AB14}.Debug|Any CPU.ActiveCfg = Debug|Any CPU
		{B23E7B7D-33EB-49E8-BE71-A190E138AB14}.Debug|Any CPU.Build.0 = Debug|Any CPU
		{B23E7B7D-33EB-49E8-BE71-A190E138AB14}.Release|Any CPU.ActiveCfg = Release|Any CPU
		{B23E7B7D-33EB-49E8-BE71-A190E138AB14}.Release|Any CPU.Build.0 = Release|Any CPU
	EndGlobalSection
	GlobalSection(SolutionProperties) = preSolution
		HideSolutionNode = FALSE
	EndGlobalSection
	GlobalSection(ExtensibilityGlobals) = postSolution
		SolutionGuid = {927AF130-F24C-4982-BC94-9223C5FA1416}
	EndGlobalSection
EndGlobal
